
Microsoft Visual Studio Solution File, Format Version 12.00
# Visual Studio Version 17
VisualStudioVersion = 17.8.34511.84
MinimumVisualStudioVersion = 10.0.40219.1
Project("{FAE04EC0-301F-11D3-BF4B-00C04F79EFBC}") = "ei4.0_tcc_service", "ei4.0_tcc_service\ei4.0_tcc_service.csproj", "{684BFDAD-5B19-43E3-9455-E262F7ED9772}"
EndProject
Global
	GlobalSection(SolutionConfigurationPlatforms) = preSolution
		Debug|Any CPU = Debug|Any CPU
		Release|Any CPU = Release|Any CPU
	EndGlobalSection
	GlobalSection(ProjectConfigurationPlatforms) = postSolution
		{684BFDAD-5B19-43E3-9455-E262F7ED9772}.Debug|Any CPU.ActiveCfg = Debug|Any CPU
		{684BFDAD-5B19-43E3-9455-E262F7ED9772}.Debug|Any CPU.Build.0 = Debug|Any CPU
		{684BFDAD-5B19-43E3-9455-E262F7ED9772}.Release|Any CPU.ActiveCfg = Release|Any CPU
		{684BFDAD-5B19-43E3-9455-E262F7ED9772}.Release|Any CPU.Build.0 = Release|Any CPU
	EndGlobalSection
	GlobalSection(SolutionProperties) = preSolution
		HideSolutionNode = FALSE
	EndGlobalSection
	GlobalSection(ExtensibilityGlobals) = postSolution
		SolutionGuid = {4449ABA5-7EA9-4EAE-8423-A283B86F90EF}
	EndGlobalSection
EndGlobal
